
Microsoft Visual Studio Solution File, Format Version 12.00
# Visual Studio 2012
Project("{FAE04EC0-301F-11D3-BF4B-00C04F79EFBC}") = "WMaster.Library", "WMaster.Library\WMaster.Library.csproj", "{263640E0-ABB6-480F-8D4D-E81B922A6942}"
EndProject
Project("{FAE04EC0-301F-11D3-BF4B-00C04F79EFBC}") = "WMaster.Library.Tests", "WMaster.Library.Tests\WMaster.Library.Tests.csproj", "{2BC71D06-007B-4616-907E-EEB96208780F}"
EndProject
Project("{FAE04EC0-301F-11D3-BF4B-00C04F79EFBC}") = "WMaster.Win32.IHM", "WMaster.Win32.IHM\WMaster.Win32.IHM.csproj", "{68BD2F5B-9348-4482-AEB5-7051BB904C76}"
EndProject
Project("{FAE04EC0-301F-11D3-BF4B-00C04F79EFBC}") = "WMaster.Win32.OS", "WMaster.Win32.OS\WMaster.Win32.OS.csproj", "{7E230BE7-3D6C-4B72-AA9A-A0F8AF5C749E}"
EndProject
Project("{FAE04EC0-301F-11D3-BF4B-00C04F79EFBC}") = "WMaster.Win32.Tests", "WMaster.Win32.Tests\WMaster.Win32.Tests.csproj", "{5C0CE9DC-5D0B-45A8-948F-924E0E85EF00}"
EndProject
Project("{2150E333-8FDC-42A3-9474-1A3956D46DE8}") = "Documentation", "Documentation", "{B5E2EE70-110F-4FF0-867D-A0771C792647}"
	ProjectSection(SolutionItems) = preProject
		Documentation\GPL.txt = Documentation\GPL.txt
		Documentation\Random Ideas.txt = Documentation\Random Ideas.txt
		Documentation\Refactoring Notes.docx = Documentation\Refactoring Notes.docx
		Documentation\Special Thanks.txt = Documentation\Special Thanks.txt
		Documentation\ToDoThings.txt = Documentation\ToDoThings.txt
		Documentation\UsefullThings.txt = Documentation\UsefullThings.txt
	EndProjectSection
EndProject
Project("{FAE04EC0-301F-11D3-BF4B-00C04F79EFBC}") = "WMaster.Sandbox", "WMaster.Sandbox\WMaster.Sandbox.csproj", "{DE1DDD4E-1C42-4F67-871A-15D663276F70}"
EndProject
Project("{2150E333-8FDC-42A3-9474-1A3956D46DE8}") = "Tools", "Tools", "{20007291-36E3-4DE4-9AE2-05536CD35839}"
	ProjectSection(SolutionItems) = preProject
		Tools\PrepareResourceString.exe = Tools\PrepareResourceString.exe
	EndProjectSection
EndProject
Global
	GlobalSection(SolutionConfigurationPlatforms) = preSolution
		Debug|Any CPU = Debug|Any CPU
		Release|Any CPU = Release|Any CPU
	EndGlobalSection
	GlobalSection(ProjectConfigurationPlatforms) = postSolution
		{263640E0-ABB6-480F-8D4D-E81B922A6942}.Debug|Any CPU.ActiveCfg = Debug|Any CPU
		{263640E0-ABB6-480F-8D4D-E81B922A6942}.Debug|Any CPU.Build.0 = Debug|Any CPU
		{263640E0-ABB6-480F-8D4D-E81B922A6942}.Release|Any CPU.ActiveCfg = Release|Any CPU
		{263640E0-ABB6-480F-8D4D-E81B922A6942}.Release|Any CPU.Build.0 = Release|Any CPU
		{2BC71D06-007B-4616-907E-EEB96208780F}.Debug|Any CPU.ActiveCfg = Debug|Any CPU
		{2BC71D06-007B-4616-907E-EEB96208780F}.Debug|Any CPU.Build.0 = Debug|Any CPU
		{2BC71D06-007B-4616-907E-EEB96208780F}.Release|Any CPU.ActiveCfg = Release|Any CPU
		{2BC71D06-007B-4616-907E-EEB96208780F}.Release|Any CPU.Build.0 = Release|Any CPU
		{68BD2F5B-9348-4482-AEB5-7051BB904C76}.Debug|Any CPU.ActiveCfg = Debug|Any CPU
		{68BD2F5B-9348-4482-AEB5-7051BB904C76}.Debug|Any CPU.Build.0 = Debug|Any CPU
		{68BD2F5B-9348-4482-AEB5-7051BB904C76}.Release|Any CPU.ActiveCfg = Release|Any CPU
		{68BD2F5B-9348-4482-AEB5-7051BB904C76}.Release|Any CPU.Build.0 = Release|Any CPU
		{7E230BE7-3D6C-4B72-AA9A-A0F8AF5C749E}.Debug|Any CPU.ActiveCfg = Debug|Any CPU
		{7E230BE7-3D6C-4B72-AA9A-A0F8AF5C749E}.Debug|Any CPU.Build.0 = Debug|Any CPU
		{7E230BE7-3D6C-4B72-AA9A-A0F8AF5C749E}.Release|Any CPU.ActiveCfg = Release|Any CPU
		{7E230BE7-3D6C-4B72-AA9A-A0F8AF5C749E}.Release|Any CPU.Build.0 = Release|Any CPU
		{5C0CE9DC-5D0B-45A8-948F-924E0E85EF00}.Debug|Any CPU.ActiveCfg = Debug|Any CPU
		{5C0CE9DC-5D0B-45A8-948F-924E0E85EF00}.Debug|Any CPU.Build.0 = Debug|Any CPU
		{5C0CE9DC-5D0B-45A8-948F-924E0E85EF00}.Release|Any CPU.ActiveCfg = Release|Any CPU
		{5C0CE9DC-5D0B-45A8-948F-924E0E85EF00}.Release|Any CPU.Build.0 = Release|Any CPU
		{DE1DDD4E-1C42-4F67-871A-15D663276F70}.Debug|Any CPU.ActiveCfg = Debug|Any CPU
		{DE1DDD4E-1C42-4F67-871A-15D663276F70}.Debug|Any CPU.Build.0 = Debug|Any CPU
		{DE1DDD4E-1C42-4F67-871A-15D663276F70}.Release|Any CPU.ActiveCfg = Release|Any CPU
		{DE1DDD4E-1C42-4F67-871A-15D663276F70}.Release|Any CPU.Build.0 = Release|Any CPU
	EndGlobalSection
	GlobalSection(SolutionProperties) = preSolution
		HideSolutionNode = FALSE
	EndGlobalSection
EndGlobal
