
Microsoft Visual Studio Solution File, Format Version 12.00
# Visual Studio 2012
Project("{2150E333-8FDC-42A3-9474-1A3956D46DE8}") = "Documentation", "Documentation", "{B5E2EE70-110F-4FF0-867D-A0771C792647}"
	ProjectSection(SolutionItems) = preProject
		Documentation\ElementModifiéesInterface.txt = Documentation\ElementModifiéesInterface.txt
		Documentation\GPL.txt = Documentation\GPL.txt
		Documentation\OrdreDeConvertionDesFichiers.txt = Documentation\OrdreDeConvertionDesFichiers.txt
		Documentation\Random Ideas.txt = Documentation\Random Ideas.txt
		Documentation\Refactoring Notes.docx = Documentation\Refactoring Notes.docx
		Documentation\Special Thanks.txt = Documentation\Special Thanks.txt
		Documentation\ToDoThings.txt = Documentation\ToDoThings.txt
		Documentation\UsefullThings.txt = Documentation\UsefullThings.txt
	EndProjectSection
EndProject
Project("{FAE04EC0-301F-11D3-BF4B-00C04F79EFBC}") = "WMaster.Sandbox", "WMaster.Sandbox\WMaster.Sandbox.csproj", "{DE1DDD4E-1C42-4F67-871A-15D663276F70}"
EndProject
Project("{2150E333-8FDC-42A3-9474-1A3956D46DE8}") = "Tools", "Tools", "{20007291-36E3-4DE4-9AE2-05536CD35839}"
	ProjectSection(SolutionItems) = preProject
		Tools\PrepareResourceString.exe = Tools\PrepareResourceString.exe
	EndProjectSection
EndProject
Project("{F088123C-0E9E-452A-89E6-6BA2F21D5CAC}") = "WMaster.Models", "WMaster.Models\WMaster.Models.modelproj", "{E6794DD1-DD1F-4731-A702-FB59CD8ADBF6}"
EndProject
Project("{8BC9CEB8-8B4A-11D0-8D11-00A0C91BC942}") = "Whore Master", "BrothelMaster\BrothelMaster.vcxproj", "{33A9CA4A-C19B-473C-9DF1-1E39AECE9A51}"
EndProject
Global
	GlobalSection(SolutionConfigurationPlatforms) = preSolution
		Debug|Any CPU = Debug|Any CPU
		Debug|Mixed Platforms = Debug|Mixed Platforms
		Debug|Win32 = Debug|Win32
		Release|Any CPU = Release|Any CPU
		Release|Mixed Platforms = Release|Mixed Platforms
		Release|Win32 = Release|Win32
	EndGlobalSection
	GlobalSection(ProjectConfigurationPlatforms) = postSolution
		{DE1DDD4E-1C42-4F67-871A-15D663276F70}.Debug|Any CPU.ActiveCfg = Debug|Any CPU
		{DE1DDD4E-1C42-4F67-871A-15D663276F70}.Debug|Any CPU.Build.0 = Debug|Any CPU
		{DE1DDD4E-1C42-4F67-871A-15D663276F70}.Debug|Mixed Platforms.ActiveCfg = Debug|Any CPU
		{DE1DDD4E-1C42-4F67-871A-15D663276F70}.Debug|Mixed Platforms.Build.0 = Debug|Any CPU
		{DE1DDD4E-1C42-4F67-871A-15D663276F70}.Debug|Win32.ActiveCfg = Debug|Any CPU
		{DE1DDD4E-1C42-4F67-871A-15D663276F70}.Release|Any CPU.ActiveCfg = Release|Any CPU
		{DE1DDD4E-1C42-4F67-871A-15D663276F70}.Release|Any CPU.Build.0 = Release|Any CPU
		{DE1DDD4E-1C42-4F67-871A-15D663276F70}.Release|Mixed Platforms.ActiveCfg = Release|Any CPU
		{DE1DDD4E-1C42-4F67-871A-15D663276F70}.Release|Mixed Platforms.Build.0 = Release|Any CPU
		{DE1DDD4E-1C42-4F67-871A-15D663276F70}.Release|Win32.ActiveCfg = Release|Any CPU
		{E6794DD1-DD1F-4731-A702-FB59CD8ADBF6}.Debug|Any CPU.ActiveCfg = Debug|Any CPU
		{E6794DD1-DD1F-4731-A702-FB59CD8ADBF6}.Debug|Mixed Platforms.ActiveCfg = Debug|Any CPU
		{E6794DD1-DD1F-4731-A702-FB59CD8ADBF6}.Debug|Mixed Platforms.Build.0 = Debug|Any CPU
		{E6794DD1-DD1F-4731-A702-FB59CD8ADBF6}.Debug|Win32.ActiveCfg = Debug|Any CPU
		{E6794DD1-DD1F-4731-A702-FB59CD8ADBF6}.Release|Any CPU.ActiveCfg = Release|Any CPU
		{E6794DD1-DD1F-4731-A702-FB59CD8ADBF6}.Release|Mixed Platforms.ActiveCfg = Release|Any CPU
		{E6794DD1-DD1F-4731-A702-FB59CD8ADBF6}.Release|Mixed Platforms.Build.0 = Release|Any CPU
		{E6794DD1-DD1F-4731-A702-FB59CD8ADBF6}.Release|Win32.ActiveCfg = Release|Any CPU
		{33A9CA4A-C19B-473C-9DF1-1E39AECE9A51}.Debug|Any CPU.ActiveCfg = Debug|Win32
		{33A9CA4A-C19B-473C-9DF1-1E39AECE9A51}.Debug|Mixed Platforms.ActiveCfg = Debug|Win32
		{33A9CA4A-C19B-473C-9DF1-1E39AECE9A51}.Debug|Mixed Platforms.Build.0 = Debug|Win32
		{33A9CA4A-C19B-473C-9DF1-1E39AECE9A51}.Debug|Win32.ActiveCfg = Debug|Win32
		{33A9CA4A-C19B-473C-9DF1-1E39AECE9A51}.Debug|Win32.Build.0 = Debug|Win32
		{33A9CA4A-C19B-473C-9DF1-1E39AECE9A51}.Release|Any CPU.ActiveCfg = Release|Win32
		{33A9CA4A-C19B-473C-9DF1-1E39AECE9A51}.Release|Mixed Platforms.ActiveCfg = Release|Win32
		{33A9CA4A-C19B-473C-9DF1-1E39AECE9A51}.Release|Mixed Platforms.Build.0 = Release|Win32
		{33A9CA4A-C19B-473C-9DF1-1E39AECE9A51}.Release|Win32.ActiveCfg = Release|Win32
		{33A9CA4A-C19B-473C-9DF1-1E39AECE9A51}.Release|Win32.Build.0 = Release|Win32
	EndGlobalSection
	GlobalSection(SolutionProperties) = preSolution
		HideSolutionNode = FALSE
	EndGlobalSection
EndGlobal
